// !$*UTF8*$!
{
	archiveVersion = 1;
	classes = {
	};
	objectVersion = 51;
	objects = {

/* Begin PBXBuildFile section */
		4B98DF66A093E1A227A28C97 /* Pods_MediaMonks.framework in Frameworks */ = {isa = PBXBuildFile; fileRef = 62BAC1073C2E81CBDDF5757D /* Pods_MediaMonks.framework */; };
		768524E426471B890001E0DC /* AppDelegate.swift in Sources */ = {isa = PBXBuildFile; fileRef = 768524E326471B890001E0DC /* AppDelegate.swift */; };
		768524E626471B890001E0DC /* SceneDelegate.swift in Sources */ = {isa = PBXBuildFile; fileRef = 768524E526471B890001E0DC /* SceneDelegate.swift */; };
		768524E826471B890001E0DC /* ViewController.swift in Sources */ = {isa = PBXBuildFile; fileRef = 768524E726471B890001E0DC /* ViewController.swift */; };
		768524EB26471B890001E0DC /* Main.storyboard in Resources */ = {isa = PBXBuildFile; fileRef = 768524E926471B890001E0DC /* Main.storyboard */; };
		768524ED26471B8A0001E0DC /* Assets.xcassets in Resources */ = {isa = PBXBuildFile; fileRef = 768524EC26471B8A0001E0DC /* Assets.xcassets */; };
		768524F026471B8A0001E0DC /* LaunchScreen.storyboard in Resources */ = {isa = PBXBuildFile; fileRef = 768524EE26471B8A0001E0DC /* LaunchScreen.storyboard */; };
		768524FF264834500001E0DC /* UsersPosts.swift in Sources */ = {isa = PBXBuildFile; fileRef = 768524FE264834500001E0DC /* UsersPosts.swift */; };
		768525022648357A0001E0DC /* Albums.swift in Sources */ = {isa = PBXBuildFile; fileRef = 768525012648357A0001E0DC /* Albums.swift */; };
		76852506264866AA0001E0DC /* Constant.swift in Sources */ = {isa = PBXBuildFile; fileRef = 76852505264866AA0001E0DC /* Constant.swift */; };
		7685250B264868680001E0DC /* TypicodeAPICall.swift in Sources */ = {isa = PBXBuildFile; fileRef = 7685250A264868680001E0DC /* TypicodeAPICall.swift */; };
		76852511264875230001E0DC /* Extensions.swift in Sources */ = {isa = PBXBuildFile; fileRef = 76852510264875230001E0DC /* Extensions.swift */; };
		76852515264875CE0001E0DC /* Toast.swift in Sources */ = {isa = PBXBuildFile; fileRef = 76852513264875CE0001E0DC /* Toast.swift */; };
		76852516264875CE0001E0DC /* Logger.swift in Sources */ = {isa = PBXBuildFile; fileRef = 76852514264875CE0001E0DC /* Logger.swift */; };
		7685252226493E480001E0DC /* SideMenuTableViewCell.swift in Sources */ = {isa = PBXBuildFile; fileRef = 7685252026493E480001E0DC /* SideMenuTableViewCell.swift */; };
		7685252326493E480001E0DC /* SideMenuTableViewCell.xib in Resources */ = {isa = PBXBuildFile; fileRef = 7685252126493E480001E0DC /* SideMenuTableViewCell.xib */; };
		7685252626493ED60001E0DC /* SideMenuVC.swift in Sources */ = {isa = PBXBuildFile; fileRef = 7685252526493ED60001E0DC /* SideMenuVC.swift */; };
		768525312649889F0001E0DC /* Users.storyboard in Resources */ = {isa = PBXBuildFile; fileRef = 768525302649889F0001E0DC /* Users.storyboard */; };
		76852534264988AE0001E0DC /* Todos.storyboard in Resources */ = {isa = PBXBuildFile; fileRef = 76852533264988AE0001E0DC /* Todos.storyboard */; };
		7685253D264989150001E0DC /* UsersPosts.storyboard in Resources */ = {isa = PBXBuildFile; fileRef = 7685253C264989150001E0DC /* UsersPosts.storyboard */; };
		768525402649893D0001E0DC /* UsersVC.swift in Sources */ = {isa = PBXBuildFile; fileRef = 7685253F2649893D0001E0DC /* UsersVC.swift */; };
		768525432649896C0001E0DC /* TodosVC.swift in Sources */ = {isa = PBXBuildFile; fileRef = 768525422649896C0001E0DC /* TodosVC.swift */; };
		7685254626498B1B0001E0DC /* AlbumsVC.swift in Sources */ = {isa = PBXBuildFile; fileRef = 7685254526498B1B0001E0DC /* AlbumsVC.swift */; };
		7685254A2649BBB60001E0DC /* UsersPostsVC.swift in Sources */ = {isa = PBXBuildFile; fileRef = 768525492649BBB60001E0DC /* UsersPostsVC.swift */; };
		768525512649C4920001E0DC /* Users.swift in Sources */ = {isa = PBXBuildFile; fileRef = 768525502649C4920001E0DC /* Users.swift */; };
		7685255B2649C9C80001E0DC /* UserDetailsVC.swift in Sources */ = {isa = PBXBuildFile; fileRef = 7685255A2649C9C80001E0DC /* UserDetailsVC.swift */; };
		768525632649D5BD0001E0DC /* UsersPostsCell.swift in Sources */ = {isa = PBXBuildFile; fileRef = 768525612649D5BD0001E0DC /* UsersPostsCell.swift */; };
		768525642649D5BD0001E0DC /* UsersPostsCell.xib in Resources */ = {isa = PBXBuildFile; fileRef = 768525622649D5BD0001E0DC /* UsersPostsCell.xib */; };
		76852567264C44990001E0DC /* Comments.swift in Sources */ = {isa = PBXBuildFile; fileRef = 76852566264C44990001E0DC /* Comments.swift */; };
		7685256A264C487D0001E0DC /* CommentsVC.swift in Sources */ = {isa = PBXBuildFile; fileRef = 76852569264C487D0001E0DC /* CommentsVC.swift */; };
		7685256E264C5D9A0001E0DC /* CommentsCell.swift in Sources */ = {isa = PBXBuildFile; fileRef = 7685256C264C5D9A0001E0DC /* CommentsCell.swift */; };
		7685256F264C5D9A0001E0DC /* CommentsCell.xib in Resources */ = {isa = PBXBuildFile; fileRef = 7685256D264C5D9A0001E0DC /* CommentsCell.xib */; };
		76852573264C66850001E0DC /* TodosCell.swift in Sources */ = {isa = PBXBuildFile; fileRef = 76852571264C66850001E0DC /* TodosCell.swift */; };
		76852578264C6DB00001E0DC /* Todos.swift in Sources */ = {isa = PBXBuildFile; fileRef = 76852577264C6DB00001E0DC /* Todos.swift */; };
		76E2B54E264F15DA007FE8E5 /* Albums.storyboard in Resources */ = {isa = PBXBuildFile; fileRef = 76E2B54D264F15DA007FE8E5 /* Albums.storyboard */; };
		76E2B557264F1900007FE8E5 /* PhotosVC.swift in Sources */ = {isa = PBXBuildFile; fileRef = 76E2B556264F1900007FE8E5 /* PhotosVC.swift */; };
		76E2B55A264F1968007FE8E5 /* Photos.swift in Sources */ = {isa = PBXBuildFile; fileRef = 76E2B559264F1968007FE8E5 /* Photos.swift */; };
		76E2B55D265025AE007FE8E5 /* PhotosCell.swift in Sources */ = {isa = PBXBuildFile; fileRef = 76E2B55C265025AE007FE8E5 /* PhotosCell.swift */; };
/* End PBXBuildFile section */

/* Begin PBXFileReference section */
		62BAC1073C2E81CBDDF5757D /* Pods_MediaMonks.framework */ = {isa = PBXFileReference; explicitFileType = wrapper.framework; includeInIndex = 0; path = Pods_MediaMonks.framework; sourceTree = BUILT_PRODUCTS_DIR; };
		768524E026471B890001E0DC /* MediaMonks.app */ = {isa = PBXFileReference; explicitFileType = wrapper.application; includeInIndex = 0; path = MediaMonks.app; sourceTree = BUILT_PRODUCTS_DIR; };
		768524E326471B890001E0DC /* AppDelegate.swift */ = {isa = PBXFileReference; lastKnownFileType = sourcecode.swift; path = AppDelegate.swift; sourceTree = "<group>"; };
		768524E526471B890001E0DC /* SceneDelegate.swift */ = {isa = PBXFileReference; lastKnownFileType = sourcecode.swift; path = SceneDelegate.swift; sourceTree = "<group>"; };
		768524E726471B890001E0DC /* ViewController.swift */ = {isa = PBXFileReference; lastKnownFileType = sourcecode.swift; path = ViewController.swift; sourceTree = "<group>"; };
		768524EA26471B890001E0DC /* Base */ = {isa = PBXFileReference; lastKnownFileType = file.storyboard; name = Base; path = Base.lproj/Main.storyboard; sourceTree = "<group>"; };
		768524EC26471B8A0001E0DC /* Assets.xcassets */ = {isa = PBXFileReference; lastKnownFileType = folder.assetcatalog; path = Assets.xcassets; sourceTree = "<group>"; };
		768524EF26471B8A0001E0DC /* Base */ = {isa = PBXFileReference; lastKnownFileType = file.storyboard; name = Base; path = Base.lproj/LaunchScreen.storyboard; sourceTree = "<group>"; };
		768524F126471B8A0001E0DC /* Info.plist */ = {isa = PBXFileReference; lastKnownFileType = text.plist.xml; path = Info.plist; sourceTree = "<group>"; };
		768524FE264834500001E0DC /* UsersPosts.swift */ = {isa = PBXFileReference; lastKnownFileType = sourcecode.swift; path = UsersPosts.swift; sourceTree = "<group>"; };
		768525012648357A0001E0DC /* Albums.swift */ = {isa = PBXFileReference; lastKnownFileType = sourcecode.swift; path = Albums.swift; sourceTree = "<group>"; };
		76852505264866AA0001E0DC /* Constant.swift */ = {isa = PBXFileReference; lastKnownFileType = sourcecode.swift; path = Constant.swift; sourceTree = "<group>"; };
		7685250A264868680001E0DC /* TypicodeAPICall.swift */ = {isa = PBXFileReference; lastKnownFileType = sourcecode.swift; path = TypicodeAPICall.swift; sourceTree = "<group>"; };
		76852510264875230001E0DC /* Extensions.swift */ = {isa = PBXFileReference; lastKnownFileType = sourcecode.swift; path = Extensions.swift; sourceTree = "<group>"; };
		76852513264875CE0001E0DC /* Toast.swift */ = {isa = PBXFileReference; fileEncoding = 4; lastKnownFileType = sourcecode.swift; path = Toast.swift; sourceTree = "<group>"; };
		76852514264875CE0001E0DC /* Logger.swift */ = {isa = PBXFileReference; fileEncoding = 4; lastKnownFileType = sourcecode.swift; path = Logger.swift; sourceTree = "<group>"; };
		7685252026493E480001E0DC /* SideMenuTableViewCell.swift */ = {isa = PBXFileReference; lastKnownFileType = sourcecode.swift; path = SideMenuTableViewCell.swift; sourceTree = "<group>"; };
		7685252126493E480001E0DC /* SideMenuTableViewCell.xib */ = {isa = PBXFileReference; lastKnownFileType = file.xib; path = SideMenuTableViewCell.xib; sourceTree = "<group>"; };
		7685252526493ED60001E0DC /* SideMenuVC.swift */ = {isa = PBXFileReference; lastKnownFileType = sourcecode.swift; path = SideMenuVC.swift; sourceTree = "<group>"; };
		768525302649889F0001E0DC /* Users.storyboard */ = {isa = PBXFileReference; lastKnownFileType = file.storyboard; path = Users.storyboard; sourceTree = "<group>"; };
		76852533264988AE0001E0DC /* Todos.storyboard */ = {isa = PBXFileReference; lastKnownFileType = file.storyboard; path = Todos.storyboard; sourceTree = "<group>"; };
		7685253C264989150001E0DC /* UsersPosts.storyboard */ = {isa = PBXFileReference; lastKnownFileType = file.storyboard; path = UsersPosts.storyboard; sourceTree = "<group>"; };
		7685253F2649893D0001E0DC /* UsersVC.swift */ = {isa = PBXFileReference; lastKnownFileType = sourcecode.swift; path = UsersVC.swift; sourceTree = "<group>"; };
		768525422649896C0001E0DC /* TodosVC.swift */ = {isa = PBXFileReference; lastKnownFileType = sourcecode.swift; name = TodosVC.swift; path = /Users/anup/Desktop/workStation/interview/MediaMonks/MediaMonks/Todos/TodosVC.swift; sourceTree = "<absolute>"; };
		7685254526498B1B0001E0DC /* AlbumsVC.swift */ = {isa = PBXFileReference; lastKnownFileType = sourcecode.swift; path = AlbumsVC.swift; sourceTree = "<group>"; };
		768525492649BBB60001E0DC /* UsersPostsVC.swift */ = {isa = PBXFileReference; lastKnownFileType = sourcecode.swift; path = UsersPostsVC.swift; sourceTree = "<group>"; };
		768525502649C4920001E0DC /* Users.swift */ = {isa = PBXFileReference; lastKnownFileType = sourcecode.swift; path = Users.swift; sourceTree = "<group>"; };
		7685255A2649C9C80001E0DC /* UserDetailsVC.swift */ = {isa = PBXFileReference; lastKnownFileType = sourcecode.swift; path = UserDetailsVC.swift; sourceTree = "<group>"; };
		768525612649D5BD0001E0DC /* UsersPostsCell.swift */ = {isa = PBXFileReference; lastKnownFileType = sourcecode.swift; path = UsersPostsCell.swift; sourceTree = "<group>"; };
		768525622649D5BD0001E0DC /* UsersPostsCell.xib */ = {isa = PBXFileReference; lastKnownFileType = file.xib; path = UsersPostsCell.xib; sourceTree = "<group>"; };
		76852566264C44990001E0DC /* Comments.swift */ = {isa = PBXFileReference; lastKnownFileType = sourcecode.swift; path = Comments.swift; sourceTree = "<group>"; };
		76852569264C487D0001E0DC /* CommentsVC.swift */ = {isa = PBXFileReference; lastKnownFileType = sourcecode.swift; path = CommentsVC.swift; sourceTree = "<group>"; };
		7685256C264C5D9A0001E0DC /* CommentsCell.swift */ = {isa = PBXFileReference; lastKnownFileType = sourcecode.swift; path = CommentsCell.swift; sourceTree = "<group>"; };
		7685256D264C5D9A0001E0DC /* CommentsCell.xib */ = {isa = PBXFileReference; lastKnownFileType = file.xib; path = CommentsCell.xib; sourceTree = "<group>"; };
		76852571264C66850001E0DC /* TodosCell.swift */ = {isa = PBXFileReference; lastKnownFileType = sourcecode.swift; path = TodosCell.swift; sourceTree = "<group>"; };
		76852577264C6DB00001E0DC /* Todos.swift */ = {isa = PBXFileReference; lastKnownFileType = sourcecode.swift; path = Todos.swift; sourceTree = "<group>"; };
		76E2B54D264F15DA007FE8E5 /* Albums.storyboard */ = {isa = PBXFileReference; lastKnownFileType = file.storyboard; path = Albums.storyboard; sourceTree = "<group>"; };
		76E2B556264F1900007FE8E5 /* PhotosVC.swift */ = {isa = PBXFileReference; lastKnownFileType = sourcecode.swift; path = PhotosVC.swift; sourceTree = "<group>"; };
		76E2B559264F1968007FE8E5 /* Photos.swift */ = {isa = PBXFileReference; lastKnownFileType = sourcecode.swift; path = Photos.swift; sourceTree = "<group>"; };
		76E2B55C265025AE007FE8E5 /* PhotosCell.swift */ = {isa = PBXFileReference; lastKnownFileType = sourcecode.swift; path = PhotosCell.swift; sourceTree = "<group>"; };
		A3FB5723AE386EC00027E4F4 /* Pods-MediaMonks.debug.xcconfig */ = {isa = PBXFileReference; includeInIndex = 1; lastKnownFileType = text.xcconfig; name = "Pods-MediaMonks.debug.xcconfig"; path = "Target Support Files/Pods-MediaMonks/Pods-MediaMonks.debug.xcconfig"; sourceTree = "<group>"; };
		C432A24557D3E6F8E5B97E38 /* Pods-MediaMonks.release.xcconfig */ = {isa = PBXFileReference; includeInIndex = 1; lastKnownFileType = text.xcconfig; name = "Pods-MediaMonks.release.xcconfig"; path = "Target Support Files/Pods-MediaMonks/Pods-MediaMonks.release.xcconfig"; sourceTree = "<group>"; };
/* End PBXFileReference section */

/* Begin PBXFrameworksBuildPhase section */
		768524DD26471B890001E0DC /* Frameworks */ = {
			isa = PBXFrameworksBuildPhase;
			buildActionMask = 2147483647;
			files = (
				4B98DF66A093E1A227A28C97 /* Pods_MediaMonks.framework in Frameworks */,
			);
			runOnlyForDeploymentPostprocessing = 0;
		};
/* End PBXFrameworksBuildPhase section */

/* Begin PBXGroup section */
		66423AFF6C4F50D485D987BD /* Frameworks */ = {
			isa = PBXGroup;
			children = (
				62BAC1073C2E81CBDDF5757D /* Pods_MediaMonks.framework */,
			);
			name = Frameworks;
			sourceTree = "<group>";
		};
		768524D726471B890001E0DC = {
			isa = PBXGroup;
			children = (
				768524E226471B890001E0DC /* MediaMonks */,
				768524E126471B890001E0DC /* Products */,
				F4EA8F29B1121B22BEADEC5B /* Pods */,
				66423AFF6C4F50D485D987BD /* Frameworks */,
			);
			sourceTree = "<group>";
		};
		768524E126471B890001E0DC /* Products */ = {
			isa = PBXGroup;
			children = (
				768524E026471B890001E0DC /* MediaMonks.app */,
			);
			name = Products;
			sourceTree = "<group>";
		};
		768524E226471B890001E0DC /* MediaMonks */ = {
			isa = PBXGroup;
			children = (
				7685252A264986360001E0DC /* UserPosts */,
				7685252C2649864A0001E0DC /* Albums */,
				7685252F264986A20001E0DC /* Todos */,
				7685252D264986710001E0DC /* Users */,
				7685251F26493E1D0001E0DC /* SideMenu */,
				7685250F2648750B0001E0DC /* Extensions */,
				768525092648682D0001E0DC /* ApiCalls */,
				76852504264866840001E0DC /* Constant */,
				768524FD264834320001E0DC /* Modal */,
				768524E326471B890001E0DC /* AppDelegate.swift */,
				768524E526471B890001E0DC /* SceneDelegate.swift */,
				768524E726471B890001E0DC /* ViewController.swift */,
				768524E926471B890001E0DC /* Main.storyboard */,
				768524EC26471B8A0001E0DC /* Assets.xcassets */,
				768524EE26471B8A0001E0DC /* LaunchScreen.storyboard */,
				768524F126471B8A0001E0DC /* Info.plist */,
			);
			path = MediaMonks;
			sourceTree = "<group>";
		};
		768524FD264834320001E0DC /* Modal */ = {
			isa = PBXGroup;
			children = (
				768524FE264834500001E0DC /* UsersPosts.swift */,
				76852566264C44990001E0DC /* Comments.swift */,
				768525012648357A0001E0DC /* Albums.swift */,
				768525502649C4920001E0DC /* Users.swift */,
				76852577264C6DB00001E0DC /* Todos.swift */,
				76E2B559264F1968007FE8E5 /* Photos.swift */,
			);
			path = Modal;
			sourceTree = "<group>";
		};
		76852504264866840001E0DC /* Constant */ = {
			isa = PBXGroup;
			children = (
				76852505264866AA0001E0DC /* Constant.swift */,
			);
			path = Constant;
			sourceTree = "<group>";
		};
		768525092648682D0001E0DC /* ApiCalls */ = {
			isa = PBXGroup;
			children = (
				7685250A264868680001E0DC /* TypicodeAPICall.swift */,
			);
			path = ApiCalls;
			sourceTree = "<group>";
		};
		7685250F2648750B0001E0DC /* Extensions */ = {
			isa = PBXGroup;
			children = (
				76852510264875230001E0DC /* Extensions.swift */,
				76852513264875CE0001E0DC /* Toast.swift */,
				76852514264875CE0001E0DC /* Logger.swift */,
			);
			path = Extensions;
			sourceTree = "<group>";
		};
		7685251F26493E1D0001E0DC /* SideMenu */ = {
			isa = PBXGroup;
			children = (
				7685252026493E480001E0DC /* SideMenuTableViewCell.swift */,
				7685252526493ED60001E0DC /* SideMenuVC.swift */,
				7685252126493E480001E0DC /* SideMenuTableViewCell.xib */,
			);
			path = SideMenu;
			sourceTree = "<group>";
		};
		7685252A264986360001E0DC /* UserPosts */ = {
			isa = PBXGroup;
			children = (
				7685253C264989150001E0DC /* UsersPosts.storyboard */,
				768525492649BBB60001E0DC /* UsersPostsVC.swift */,
				768525612649D5BD0001E0DC /* UsersPostsCell.swift */,
				768525622649D5BD0001E0DC /* UsersPostsCell.xib */,
				76852569264C487D0001E0DC /* CommentsVC.swift */,
				7685256C264C5D9A0001E0DC /* CommentsCell.swift */,
				7685256D264C5D9A0001E0DC /* CommentsCell.xib */,
			);
			path = UserPosts;
			sourceTree = "<group>";
		};
		7685252C2649864A0001E0DC /* Albums */ = {
			isa = PBXGroup;
			children = (
				7685254526498B1B0001E0DC /* AlbumsVC.swift */,
				76E2B54D264F15DA007FE8E5 /* Albums.storyboard */,
				76E2B55C265025AE007FE8E5 /* PhotosCell.swift */,
				76E2B556264F1900007FE8E5 /* PhotosVC.swift */,
			);
			path = Albums;
			sourceTree = "<group>";
		};
		7685252D264986710001E0DC /* Users */ = {
			isa = PBXGroup;
			children = (
				768525302649889F0001E0DC /* Users.storyboard */,
				7685253F2649893D0001E0DC /* UsersVC.swift */,
				7685255A2649C9C80001E0DC /* UserDetailsVC.swift */,
			);
			path = Users;
			sourceTree = "<group>";
		};
		7685252F264986A20001E0DC /* Todos */ = {
			isa = PBXGroup;
			children = (
				768525422649896C0001E0DC /* TodosVC.swift */,
				76852571264C66850001E0DC /* TodosCell.swift */,
				76852533264988AE0001E0DC /* Todos.storyboard */,
			);
			path = Todos;
			sourceTree = "<group>";
		};
		F4EA8F29B1121B22BEADEC5B /* Pods */ = {
			isa = PBXGroup;
			children = (
				A3FB5723AE386EC00027E4F4 /* Pods-MediaMonks.debug.xcconfig */,
				C432A24557D3E6F8E5B97E38 /* Pods-MediaMonks.release.xcconfig */,
			);
			path = Pods;
			sourceTree = "<group>";
		};
/* End PBXGroup section */

/* Begin PBXNativeTarget section */
		768524DF26471B890001E0DC /* MediaMonks */ = {
			isa = PBXNativeTarget;
			buildConfigurationList = 768524F426471B8A0001E0DC /* Build configuration list for PBXNativeTarget "MediaMonks" */;
			buildPhases = (
				289803181915B74AA1AD9141 /* [CP] Check Pods Manifest.lock */,
				768524DC26471B890001E0DC /* Sources */,
				768524DD26471B890001E0DC /* Frameworks */,
				768524DE26471B890001E0DC /* Resources */,
				0951B4AF50968294A2B51498 /* [CP] Embed Pods Frameworks */,
			);
			buildRules = (
			);
			dependencies = (
			);
			name = MediaMonks;
			productName = MediaMonks;
			productReference = 768524E026471B890001E0DC /* MediaMonks.app */;
			productType = "com.apple.product-type.application";
		};
/* End PBXNativeTarget section */

/* Begin PBXProject section */
		768524D826471B890001E0DC /* Project object */ = {
			isa = PBXProject;
			attributes = {
				LastSwiftUpdateCheck = 1230;
				LastUpgradeCheck = 1230;
				TargetAttributes = {
					768524DF26471B890001E0DC = {
						CreatedOnToolsVersion = 12.3;
					};
				};
			};
			buildConfigurationList = 768524DB26471B890001E0DC /* Build configuration list for PBXProject "MediaMonks" */;
			compatibilityVersion = "Xcode 9.3";
			developmentRegion = en;
			hasScannedForEncodings = 0;
			knownRegions = (
				en,
				Base,
			);
			mainGroup = 768524D726471B890001E0DC;
			productRefGroup = 768524E126471B890001E0DC /* Products */;
			projectDirPath = "";
			projectRoot = "";
			targets = (
				768524DF26471B890001E0DC /* MediaMonks */,
			);
		};
/* End PBXProject section */

/* Begin PBXResourcesBuildPhase section */
		768524DE26471B890001E0DC /* Resources */ = {
			isa = PBXResourcesBuildPhase;
			buildActionMask = 2147483647;
			files = (
				768524F026471B8A0001E0DC /* LaunchScreen.storyboard in Resources */,
				768525312649889F0001E0DC /* Users.storyboard in Resources */,
				76852534264988AE0001E0DC /* Todos.storyboard in Resources */,
				768524ED26471B8A0001E0DC /* Assets.xcassets in Resources */,
				768524EB26471B890001E0DC /* Main.storyboard in Resources */,
				7685253D264989150001E0DC /* UsersPosts.storyboard in Resources */,
				7685252326493E480001E0DC /* SideMenuTableViewCell.xib in Resources */,
				76E2B54E264F15DA007FE8E5 /* Albums.storyboard in Resources */,
				768525642649D5BD0001E0DC /* UsersPostsCell.xib in Resources */,
				7685256F264C5D9A0001E0DC /* CommentsCell.xib in Resources */,
			);
			runOnlyForDeploymentPostprocessing = 0;
		};
/* End PBXResourcesBuildPhase section */

/* Begin PBXShellScriptBuildPhase section */
		0951B4AF50968294A2B51498 /* [CP] Embed Pods Frameworks */ = {
			isa = PBXShellScriptBuildPhase;
			buildActionMask = 2147483647;
			files = (
			);
			inputFileListPaths = (
				"${PODS_ROOT}/Target Support Files/Pods-MediaMonks/Pods-MediaMonks-frameworks-${CONFIGURATION}-input-files.xcfilelist",
			);
			name = "[CP] Embed Pods Frameworks";
			outputFileListPaths = (
				"${PODS_ROOT}/Target Support Files/Pods-MediaMonks/Pods-MediaMonks-frameworks-${CONFIGURATION}-output-files.xcfilelist",
			);
			runOnlyForDeploymentPostprocessing = 0;
			shellPath = /bin/sh;
			shellScript = "\"${PODS_ROOT}/Target Support Files/Pods-MediaMonks/Pods-MediaMonks-frameworks.sh\"\n";
			showEnvVarsInLog = 0;
		};
		289803181915B74AA1AD9141 /* [CP] Check Pods Manifest.lock */ = {
			isa = PBXShellScriptBuildPhase;
			buildActionMask = 2147483647;
			files = (
			);
			inputFileListPaths = (
			);
			inputPaths = (
				"${PODS_PODFILE_DIR_PATH}/Podfile.lock",
				"${PODS_ROOT}/Manifest.lock",
			);
			name = "[CP] Check Pods Manifest.lock";
			outputFileListPaths = (
			);
			outputPaths = (
				"$(DERIVED_FILE_DIR)/Pods-MediaMonks-checkManifestLockResult.txt",
			);
			runOnlyForDeploymentPostprocessing = 0;
			shellPath = /bin/sh;
			shellScript = "diff \"${PODS_PODFILE_DIR_PATH}/Podfile.lock\" \"${PODS_ROOT}/Manifest.lock\" > /dev/null\nif [ $? != 0 ] ; then\n    # print error to STDERR\n    echo \"error: The sandbox is not in sync with the Podfile.lock. Run 'pod install' or update your CocoaPods installation.\" >&2\n    exit 1\nfi\n# This output is used by Xcode 'outputs' to avoid re-running this script phase.\necho \"SUCCESS\" > \"${SCRIPT_OUTPUT_FILE_0}\"\n";
			showEnvVarsInLog = 0;
		};
/* End PBXShellScriptBuildPhase section */

/* Begin PBXSourcesBuildPhase section */
		768524DC26471B890001E0DC /* Sources */ = {
			isa = PBXSourcesBuildPhase;
			buildActionMask = 2147483647;
			files = (
				768525432649896C0001E0DC /* TodosVC.swift in Sources */,
				7685254A2649BBB60001E0DC /* UsersPostsVC.swift in Sources */,
				76852516264875CE0001E0DC /* Logger.swift in Sources */,
				768525022648357A0001E0DC /* Albums.swift in Sources */,
				7685250B264868680001E0DC /* TypicodeAPICall.swift in Sources */,
				7685256A264C487D0001E0DC /* CommentsVC.swift in Sources */,
				7685252626493ED60001E0DC /* SideMenuVC.swift in Sources */,
				7685255B2649C9C80001E0DC /* UserDetailsVC.swift in Sources */,
				768524E826471B890001E0DC /* ViewController.swift in Sources */,
				76E2B557264F1900007FE8E5 /* PhotosVC.swift in Sources */,
				7685254626498B1B0001E0DC /* AlbumsVC.swift in Sources */,
				76852511264875230001E0DC /* Extensions.swift in Sources */,
				768525512649C4920001E0DC /* Users.swift in Sources */,
				76852567264C44990001E0DC /* Comments.swift in Sources */,
				768524E426471B890001E0DC /* AppDelegate.swift in Sources */,
				768524FF264834500001E0DC /* UsersPosts.swift in Sources */,
				768524E626471B890001E0DC /* SceneDelegate.swift in Sources */,
				768525632649D5BD0001E0DC /* UsersPostsCell.swift in Sources */,
				7685256E264C5D9A0001E0DC /* CommentsCell.swift in Sources */,
				768525402649893D0001E0DC /* UsersVC.swift in Sources */,
				76E2B55A264F1968007FE8E5 /* Photos.swift in Sources */,
				76852515264875CE0001E0DC /* Toast.swift in Sources */,
				76852573264C66850001E0DC /* TodosCell.swift in Sources */,
				7685252226493E480001E0DC /* SideMenuTableViewCell.swift in Sources */,
				76852506264866AA0001E0DC /* Constant.swift in Sources */,
				76852578264C6DB00001E0DC /* Todos.swift in Sources */,
				76E2B55D265025AE007FE8E5 /* PhotosCell.swift in Sources */,
			);
			runOnlyForDeploymentPostprocessing = 0;
		};
/* End PBXSourcesBuildPhase section */

/* Begin PBXVariantGroup section */
		768524E926471B890001E0DC /* Main.storyboard */ = {
			isa = PBXVariantGroup;
			children = (
				768524EA26471B890001E0DC /* Base */,
			);
			name = Main.storyboard;
			sourceTree = "<group>";
		};
		768524EE26471B8A0001E0DC /* LaunchScreen.storyboard */ = {
			isa = PBXVariantGroup;
			children = (
				768524EF26471B8A0001E0DC /* Base */,
			);
			name = LaunchScreen.storyboard;
			sourceTree = "<group>";
		};
/* End PBXVariantGroup section */

/* Begin XCBuildConfiguration section */
		768524F226471B8A0001E0DC /* Debug */ = {
			isa = XCBuildConfiguration;
			buildSettings = {
				ALWAYS_SEARCH_USER_PATHS = NO;
				CLANG_ANALYZER_NONNULL = YES;
				CLANG_ANALYZER_NUMBER_OBJECT_CONVERSION = YES_AGGRESSIVE;
				CLANG_CXX_LANGUAGE_STANDARD = "gnu++14";
				CLANG_CXX_LIBRARY = "libc++";
				CLANG_ENABLE_MODULES = YES;
				CLANG_ENABLE_OBJC_ARC = YES;
				CLANG_ENABLE_OBJC_WEAK = YES;
				CLANG_WARN_BLOCK_CAPTURE_AUTORELEASING = YES;
				CLANG_WARN_BOOL_CONVERSION = YES;
				CLANG_WARN_COMMA = YES;
				CLANG_WARN_CONSTANT_CONVERSION = YES;
				CLANG_WARN_DEPRECATED_OBJC_IMPLEMENTATIONS = YES;
				CLANG_WARN_DIRECT_OBJC_ISA_USAGE = YES_ERROR;
				CLANG_WARN_DOCUMENTATION_COMMENTS = YES;
				CLANG_WARN_EMPTY_BODY = YES;
				CLANG_WARN_ENUM_CONVERSION = YES;
				CLANG_WARN_INFINITE_RECURSION = YES;
				CLANG_WARN_INT_CONVERSION = YES;
				CLANG_WARN_NON_LITERAL_NULL_CONVERSION = YES;
				CLANG_WARN_OBJC_IMPLICIT_RETAIN_SELF = YES;
				CLANG_WARN_OBJC_LITERAL_CONVERSION = YES;
				CLANG_WARN_OBJC_ROOT_CLASS = YES_ERROR;
				CLANG_WARN_QUOTED_INCLUDE_IN_FRAMEWORK_HEADER = YES;
				CLANG_WARN_RANGE_LOOP_ANALYSIS = YES;
				CLANG_WARN_STRICT_PROTOTYPES = YES;
				CLANG_WARN_SUSPICIOUS_MOVE = YES;
				CLANG_WARN_UNGUARDED_AVAILABILITY = YES_AGGRESSIVE;
				CLANG_WARN_UNREACHABLE_CODE = YES;
				CLANG_WARN__DUPLICATE_METHOD_MATCH = YES;
				COPY_PHASE_STRIP = NO;
				DEBUG_INFORMATION_FORMAT = dwarf;
				ENABLE_STRICT_OBJC_MSGSEND = YES;
				ENABLE_TESTABILITY = YES;
				GCC_C_LANGUAGE_STANDARD = gnu11;
				GCC_DYNAMIC_NO_PIC = NO;
				GCC_NO_COMMON_BLOCKS = YES;
				GCC_OPTIMIZATION_LEVEL = 0;
				GCC_PREPROCESSOR_DEFINITIONS = (
					"DEBUG=1",
					"$(inherited)",
				);
				GCC_WARN_64_TO_32_BIT_CONVERSION = YES;
				GCC_WARN_ABOUT_RETURN_TYPE = YES_ERROR;
				GCC_WARN_UNDECLARED_SELECTOR = YES;
				GCC_WARN_UNINITIALIZED_AUTOS = YES_AGGRESSIVE;
				GCC_WARN_UNUSED_FUNCTION = YES;
				GCC_WARN_UNUSED_VARIABLE = YES;
				IPHONEOS_DEPLOYMENT_TARGET = 13.0;
				MTL_ENABLE_DEBUG_INFO = INCLUDE_SOURCE;
				MTL_FAST_MATH = YES;
				ONLY_ACTIVE_ARCH = YES;
				SDKROOT = iphoneos;
				SWIFT_ACTIVE_COMPILATION_CONDITIONS = DEBUG;
				SWIFT_OPTIMIZATION_LEVEL = "-Onone";
			};
			name = Debug;
		};
		768524F326471B8A0001E0DC /* Release */ = {
			isa = XCBuildConfiguration;
			buildSettings = {
				ALWAYS_SEARCH_USER_PATHS = NO;
				CLANG_ANALYZER_NONNULL = YES;
				CLANG_ANALYZER_NUMBER_OBJECT_CONVERSION = YES_AGGRESSIVE;
				CLANG_CXX_LANGUAGE_STANDARD = "gnu++14";
				CLANG_CXX_LIBRARY = "libc++";
				CLANG_ENABLE_MODULES = YES;
				CLANG_ENABLE_OBJC_ARC = YES;
				CLANG_ENABLE_OBJC_WEAK = YES;
				CLANG_WARN_BLOCK_CAPTURE_AUTORELEASING = YES;
				CLANG_WARN_BOOL_CONVERSION = YES;
				CLANG_WARN_COMMA = YES;
				CLANG_WARN_CONSTANT_CONVERSION = YES;
				CLANG_WARN_DEPRECATED_OBJC_IMPLEMENTATIONS = YES;
				CLANG_WARN_DIRECT_OBJC_ISA_USAGE = YES_ERROR;
				CLANG_WARN_DOCUMENTATION_COMMENTS = YES;
				CLANG_WARN_EMPTY_BODY = YES;
				CLANG_WARN_ENUM_CONVERSION = YES;
				CLANG_WARN_INFINITE_RECURSION = YES;
				CLANG_WARN_INT_CONVERSION = YES;
				CLANG_WARN_NON_LITERAL_NULL_CONVERSION = YES;
				CLANG_WARN_OBJC_IMPLICIT_RETAIN_SELF = YES;
				CLANG_WARN_OBJC_LITERAL_CONVERSION = YES;
				CLANG_WARN_OBJC_ROOT_CLASS = YES_ERROR;
				CLANG_WARN_QUOTED_INCLUDE_IN_FRAMEWORK_HEADER = YES;
				CLANG_WARN_RANGE_LOOP_ANALYSIS = YES;
				CLANG_WARN_STRICT_PROTOTYPES = YES;
				CLANG_WARN_SUSPICIOUS_MOVE = YES;
				CLANG_WARN_UNGUARDED_AVAILABILITY = YES_AGGRESSIVE;
				CLANG_WARN_UNREACHABLE_CODE = YES;
				CLANG_WARN__DUPLICATE_METHOD_MATCH = YES;
				COPY_PHASE_STRIP = NO;
				DEBUG_INFORMATION_FORMAT = "dwarf-with-dsym";
				ENABLE_NS_ASSERTIONS = NO;
				ENABLE_STRICT_OBJC_MSGSEND = YES;
				GCC_C_LANGUAGE_STANDARD = gnu11;
				GCC_NO_COMMON_BLOCKS = YES;
				GCC_WARN_64_TO_32_BIT_CONVERSION = YES;
				GCC_WARN_ABOUT_RETURN_TYPE = YES_ERROR;
				GCC_WARN_UNDECLARED_SELECTOR = YES;
				GCC_WARN_UNINITIALIZED_AUTOS = YES_AGGRESSIVE;
				GCC_WARN_UNUSED_FUNCTION = YES;
				GCC_WARN_UNUSED_VARIABLE = YES;
				IPHONEOS_DEPLOYMENT_TARGET = 13.0;
				MTL_ENABLE_DEBUG_INFO = NO;
				MTL_FAST_MATH = YES;
				SDKROOT = iphoneos;
				SWIFT_COMPILATION_MODE = wholemodule;
				SWIFT_OPTIMIZATION_LEVEL = "-O";
				VALIDATE_PRODUCT = YES;
			};
			name = Release;
		};
		768524F526471B8A0001E0DC /* Debug */ = {
			isa = XCBuildConfiguration;
			baseConfigurationReference = A3FB5723AE386EC00027E4F4 /* Pods-MediaMonks.debug.xcconfig */;
			buildSettings = {
				ASSETCATALOG_COMPILER_APPICON_NAME = AppIcon;
				ASSETCATALOG_COMPILER_GLOBAL_ACCENT_COLOR_NAME = AccentColor;
				CODE_SIGN_STYLE = Automatic;
				DEVELOPMENT_TEAM = Z3H4HS3SB4;
				INFOPLIST_FILE = MediaMonks/Info.plist;
				LD_RUNPATH_SEARCH_PATHS = (
					"$(inherited)",
					"@executable_path/Frameworks",
				);
				PRODUCT_BUNDLE_IDENTIFIER = com.geekguns.MediaMonks;
				PRODUCT_NAME = "$(TARGET_NAME)";
				SWIFT_VERSION = 5.0;
				TARGETED_DEVICE_FAMILY = "1,2";
			};
			name = Debug;
		};
		768524F626471B8A0001E0DC /* Release */ = {
			isa = XCBuildConfiguration;
			baseConfigurationReference = C432A24557D3E6F8E5B97E38 /* Pods-MediaMonks.release.xcconfig */;
			buildSettings = {
				ASSETCATALOG_COMPILER_APPICON_NAME = AppIcon;
				ASSETCATALOG_COMPILER_GLOBAL_ACCENT_COLOR_NAME = AccentColor;
				CODE_SIGN_STYLE = Automatic;
				DEVELOPMENT_TEAM = Z3H4HS3SB4;
				INFOPLIST_FILE = MediaMonks/Info.plist;
				LD_RUNPATH_SEARCH_PATHS = (
					"$(inherited)",
					"@executable_path/Frameworks",
				);
				PRODUCT_BUNDLE_IDENTIFIER = com.geekguns.MediaMonks;
				PRODUCT_NAME = "$(TARGET_NAME)";
				SWIFT_VERSION = 5.0;
				TARGETED_DEVICE_FAMILY = "1,2";
			};
			name = Release;
		};
/* End XCBuildConfiguration section */

/* Begin XCConfigurationList section */
		768524DB26471B890001E0DC /* Build configuration list for PBXProject "MediaMonks" */ = {
			isa = XCConfigurationList;
			buildConfigurations = (
				768524F226471B8A0001E0DC /* Debug */,
				768524F326471B8A0001E0DC /* Release */,
			);
			defaultConfigurationIsVisible = 0;
			defaultConfigurationName = Release;
		};
		768524F426471B8A0001E0DC /* Build configuration list for PBXNativeTarget "MediaMonks" */ = {
			isa = XCConfigurationList;
			buildConfigurations = (
				768524F526471B8A0001E0DC /* Debug */,
				768524F626471B8A0001E0DC /* Release */,
			);
			defaultConfigurationIsVisible = 0;
			defaultConfigurationName = Release;
		};
/* End XCConfigurationList section */
	};
	rootObject = 768524D826471B890001E0DC /* Project object */;
}
