// !$*UTF8*$!
{
	archiveVersion = 1;
	classes = {
	};
	objectVersion = 50;
	objects = {

/* Begin PBXBuildFile section */
		4B98DF66A093E1A227A28C97 /* Pods_MediaMonks.framework in Frameworks */ = {isa = PBXBuildFile; fileRef = 62BAC1073C2E81CBDDF5757D /* Pods_MediaMonks.framework */; };
		768524E426471B890001E0DC /* AppDelegate.swift in Sources */ = {isa = PBXBuildFile; fileRef = 768524E326471B890001E0DC /* AppDelegate.swift */; };
		768524E626471B890001E0DC /* SceneDelegate.swift in Sources */ = {isa = PBXBuildFile; fileRef = 768524E526471B890001E0DC /* SceneDelegate.swift */; };
		768524E826471B890001E0DC /* ViewController.swift in Sources */ = {isa = PBXBuildFile; fileRef = 768524E726471B890001E0DC /* ViewController.swift */; };
		768524EB26471B890001E0DC /* Main.storyboard in Resources */ = {isa = PBXBuildFile; fileRef = 768524E926471B890001E0DC /* Main.storyboard */; };
		768524ED26471B8A0001E0DC /* Assets.xcassets in Resources */ = {isa = PBXBuildFile; fileRef = 768524EC26471B8A0001E0DC /* Assets.xcassets */; };
		768524F026471B8A0001E0DC /* LaunchScreen.storyboard in Resources */ = {isa = PBXBuildFile; fileRef = 768524EE26471B8A0001E0DC /* LaunchScreen.storyboard */; };
/* End PBXBuildFile section */

/* Begin PBXFileReference section */
		62BAC1073C2E81CBDDF5757D /* Pods_MediaMonks.framework */ = {isa = PBXFileReference; explicitFileType = wrapper.framework; includeInIndex = 0; path = Pods_MediaMonks.framework; sourceTree = BUILT_PRODUCTS_DIR; };
		768524E026471B890001E0DC /* MediaMonks.app */ = {isa = PBXFileReference; explicitFileType = wrapper.application; includeInIndex = 0; path = MediaMonks.app; sourceTree = BUILT_PRODUCTS_DIR; };
		768524E326471B890001E0DC /* AppDelegate.swift */ = {isa = PBXFileReference; lastKnownFileType = sourcecode.swift; path = AppDelegate.swift; sourceTree = "<group>"; };
		768524E526471B890001E0DC /* SceneDelegate.swift */ = {isa = PBXFileReference; lastKnownFileType = sourcecode.swift; path = SceneDelegate.swift; sourceTree = "<group>"; };
		768524E726471B890001E0DC /* ViewController.swift */ = {isa = PBXFileReference; lastKnownFileType = sourcecode.swift; path = ViewController.swift; sourceTree = "<group>"; };
		768524EA26471B890001E0DC /* Base */ = {isa = PBXFileReference; lastKnownFileType = file.storyboard; name = Base; path = Base.lproj/Main.storyboard; sourceTree = "<group>"; };
		768524EC26471B8A0001E0DC /* Assets.xcassets */ = {isa = PBXFileReference; lastKnownFileType = folder.assetcatalog; path = Assets.xcassets; sourceTree = "<group>"; };
		768524EF26471B8A0001E0DC /* Base */ = {isa = PBXFileReference; lastKnownFileType = file.storyboard; name = Base; path = Base.lproj/LaunchScreen.storyboard; sourceTree = "<group>"; };
		768524F126471B8A0001E0DC /* Info.plist */ = {isa = PBXFileReference; lastKnownFileType = text.plist.xml; path = Info.plist; sourceTree = "<group>"; };
		A3FB5723AE386EC00027E4F4 /* Pods-MediaMonks.debug.xcconfig */ = {isa = PBXFileReference; includeInIndex = 1; lastKnownFileType = text.xcconfig; name = "Pods-MediaMonks.debug.xcconfig"; path = "Target Support Files/Pods-MediaMonks/Pods-MediaMonks.debug.xcconfig"; sourceTree = "<group>"; };
		C432A24557D3E6F8E5B97E38 /* Pods-MediaMonks.release.xcconfig */ = {isa = PBXFileReference; includeInIndex = 1; lastKnownFileType = text.xcconfig; name = "Pods-MediaMonks.release.xcconfig"; path = "Target Support Files/Pods-MediaMonks/Pods-MediaMonks.release.xcconfig"; sourceTree = "<group>"; };
/* End PBXFileReference section */

/* Begin PBXFrameworksBuildPhase section */
		768524DD26471B890001E0DC /* Frameworks */ = {
			isa = PBXFrameworksBuildPhase;
			buildActionMask = 2147483647;
			files = (
				4B98DF66A093E1A227A28C97 /* Pods_MediaMonks.framework in Frameworks */,
			);
			runOnlyForDeploymentPostprocessing = 0;
		};
/* End PBXFrameworksBuildPhase section */

/* Begin PBXGroup section */
		66423AFF6C4F50D485D987BD /* Frameworks */ = {
			isa = PBXGroup;
			children = (
				62BAC1073C2E81CBDDF5757D /* Pods_MediaMonks.framework */,
			);
			name = Frameworks;
			sourceTree = "<group>";
		};
		768524D726471B890001E0DC = {
			isa = PBXGroup;
			children = (
				768524E226471B890001E0DC /* MediaMonks */,
				768524E126471B890001E0DC /* Products */,
				F4EA8F29B1121B22BEADEC5B /* Pods */,
				66423AFF6C4F50D485D987BD /* Frameworks */,
			);
			sourceTree = "<group>";
		};
		768524E126471B890001E0DC /* Products */ = {
			isa = PBXGroup;
			children = (
				768524E026471B890001E0DC /* MediaMonks.app */,
			);
			name = Products;
			sourceTree = "<group>";
		};
		768524E226471B890001E0DC /* MediaMonks */ = {
			isa = PBXGroup;
			children = (
				768524E326471B890001E0DC /* AppDelegate.swift */,
				768524E526471B890001E0DC /* SceneDelegate.swift */,
				768524E726471B890001E0DC /* ViewController.swift */,
				768524E926471B890001E0DC /* Main.storyboard */,
				768524EC26471B8A0001E0DC /* Assets.xcassets */,
				768524EE26471B8A0001E0DC /* LaunchScreen.storyboard */,
				768524F126471B8A0001E0DC /* Info.plist */,
			);
			path = MediaMonks;
			sourceTree = "<group>";
		};
		F4EA8F29B1121B22BEADEC5B /* Pods */ = {
			isa = PBXGroup;
			children = (
				A3FB5723AE386EC00027E4F4 /* Pods-MediaMonks.debug.xcconfig */,
				C432A24557D3E6F8E5B97E38 /* Pods-MediaMonks.release.xcconfig */,
			);
			name = Pods;
			path = Pods;
			sourceTree = "<group>";
		};
/* End PBXGroup section */

/* Begin PBXNativeTarget section */
		768524DF26471B890001E0DC /* MediaMonks */ = {
			isa = PBXNativeTarget;
			buildConfigurationList = 768524F426471B8A0001E0DC /* Build configuration list for PBXNativeTarget "MediaMonks" */;
			buildPhases = (
				289803181915B74AA1AD9141 /* [CP] Check Pods Manifest.lock */,
				768524DC26471B890001E0DC /* Sources */,
				768524DD26471B890001E0DC /* Frameworks */,
				768524DE26471B890001E0DC /* Resources */,
				0951B4AF50968294A2B51498 /* [CP] Embed Pods Frameworks */,
			);
			buildRules = (
			);
			dependencies = (
			);
			name = MediaMonks;
			productName = MediaMonks;
			productReference = 768524E026471B890001E0DC /* MediaMonks.app */;
			productType = "com.apple.product-type.application";
		};
/* End PBXNativeTarget section */

/* Begin PBXProject section */
		768524D826471B890001E0DC /* Project object */ = {
			isa = PBXProject;
			attributes = {
				LastSwiftUpdateCheck = 1230;
				LastUpgradeCheck = 1230;
				TargetAttributes = {
					768524DF26471B890001E0DC = {
						CreatedOnToolsVersion = 12.3;
					};
				};
			};
			buildConfigurationList = 768524DB26471B890001E0DC /* Build configuration list for PBXProject "MediaMonks" */;
			compatibilityVersion = "Xcode 9.3";
			developmentRegion = en;
			hasScannedForEncodings = 0;
			knownRegions = (
				en,
				Base,
			);
			mainGroup = 768524D726471B890001E0DC;
			productRefGroup = 768524E126471B890001E0DC /* Products */;
			projectDirPath = "";
			projectRoot = "";
			targets = (
				768524DF26471B890001E0DC /* MediaMonks */,
			);
		};
/* End PBXProject section */

/* Begin PBXResourcesBuildPhase section */
		768524DE26471B890001E0DC /* Resources */ = {
			isa = PBXResourcesBuildPhase;
			buildActionMask = 2147483647;
			files = (
				768524F026471B8A0001E0DC /* LaunchScreen.storyboard in Resources */,
				768524ED26471B8A0001E0DC /* Assets.xcassets in Resources */,
				768524EB26471B890001E0DC /* Main.storyboard in Resources */,
			);
			runOnlyForDeploymentPostprocessing = 0;
		};
/* End PBXResourcesBuildPhase section */

/* Begin PBXShellScriptBuildPhase section */
		0951B4AF50968294A2B51498 /* [CP] Embed Pods Frameworks */ = {
			isa = PBXShellScriptBuildPhase;
			buildActionMask = 2147483647;
			files = (
			);
			inputFileListPaths = (
				"${PODS_ROOT}/Target Support Files/Pods-MediaMonks/Pods-MediaMonks-frameworks-${CONFIGURATION}-input-files.xcfilelist",
			);
			name = "[CP] Embed Pods Frameworks";
			outputFileListPaths = (
				"${PODS_ROOT}/Target Support Files/Pods-MediaMonks/Pods-MediaMonks-frameworks-${CONFIGURATION}-output-files.xcfilelist",
			);
			runOnlyForDeploymentPostprocessing = 0;
			shellPath = /bin/sh;
			shellScript = "\"${PODS_ROOT}/Target Support Files/Pods-MediaMonks/Pods-MediaMonks-frameworks.sh\"\n";
			showEnvVarsInLog = 0;
		};
		289803181915B74AA1AD9141 /* [CP] Check Pods Manifest.lock */ = {
			isa = PBXShellScriptBuildPhase;
			buildActionMask = 2147483647;
			files = (
			);
			inputFileListPaths = (
			);
			inputPaths = (
				"${PODS_PODFILE_DIR_PATH}/Podfile.lock",
				"${PODS_ROOT}/Manifest.lock",
			);
			name = "[CP] Check Pods Manifest.lock";
			outputFileListPaths = (
			);
			outputPaths = (
				"$(DERIVED_FILE_DIR)/Pods-MediaMonks-checkManifestLockResult.txt",
			);
			runOnlyForDeploymentPostprocessing = 0;
			shellPath = /bin/sh;
			shellScript = "diff \"${PODS_PODFILE_DIR_PATH}/Podfile.lock\" \"${PODS_ROOT}/Manifest.lock\" > /dev/null\nif [ $? != 0 ] ; then\n    # print error to STDERR\n    echo \"error: The sandbox is not in sync with the Podfile.lock. Run 'pod install' or update your CocoaPods installation.\" >&2\n    exit 1\nfi\n# This output is used by Xcode 'outputs' to avoid re-running this script phase.\necho \"SUCCESS\" > \"${SCRIPT_OUTPUT_FILE_0}\"\n";
			showEnvVarsInLog = 0;
		};
/* End PBXShellScriptBuildPhase section */

/* Begin PBXSourcesBuildPhase section */
		768524DC26471B890001E0DC /* Sources */ = {
			isa = PBXSourcesBuildPhase;
			buildActionMask = 2147483647;
			files = (
				768524E826471B890001E0DC /* ViewController.swift in Sources */,
				768524E426471B890001E0DC /* AppDelegate.swift in Sources */,
				768524E626471B890001E0DC /* SceneDelegate.swift in Sources */,
			);
			runOnlyForDeploymentPostprocessing = 0;
		};
/* End PBXSourcesBuildPhase section */

/* Begin PBXVariantGroup section */
		768524E926471B890001E0DC /* Main.storyboard */ = {
			isa = PBXVariantGroup;
			children = (
				768524EA26471B890001E0DC /* Base */,
			);
			name = Main.storyboard;
			sourceTree = "<group>";
		};
		768524EE26471B8A0001E0DC /* LaunchScreen.storyboard */ = {
			isa = PBXVariantGroup;
			children = (
				768524EF26471B8A0001E0DC /* Base */,
			);
			name = LaunchScreen.storyboard;
			sourceTree = "<group>";
		};
/* End PBXVariantGroup section */

/* Begin XCBuildConfiguration section */
		768524F226471B8A0001E0DC /* Debug */ = {
			isa = XCBuildConfiguration;
			buildSettings = {
				ALWAYS_SEARCH_USER_PATHS = NO;
				CLANG_ANALYZER_NONNULL = YES;
				CLANG_ANALYZER_NUMBER_OBJECT_CONVERSION = YES_AGGRESSIVE;
				CLANG_CXX_LANGUAGE_STANDARD = "gnu++14";
				CLANG_CXX_LIBRARY = "libc++";
				CLANG_ENABLE_MODULES = YES;
				CLANG_ENABLE_OBJC_ARC = YES;
				CLANG_ENABLE_OBJC_WEAK = YES;
				CLANG_WARN_BLOCK_CAPTURE_AUTORELEASING = YES;
				CLANG_WARN_BOOL_CONVERSION = YES;
				CLANG_WARN_COMMA = YES;
				CLANG_WARN_CONSTANT_CONVERSION = YES;
				CLANG_WARN_DEPRECATED_OBJC_IMPLEMENTATIONS = YES;
				CLANG_WARN_DIRECT_OBJC_ISA_USAGE = YES_ERROR;
				CLANG_WARN_DOCUMENTATION_COMMENTS = YES;
				CLANG_WARN_EMPTY_BODY = YES;
				CLANG_WARN_ENUM_CONVERSION = YES;
				CLANG_WARN_INFINITE_RECURSION = YES;
				CLANG_WARN_INT_CONVERSION = YES;
				CLANG_WARN_NON_LITERAL_NULL_CONVERSION = YES;
				CLANG_WARN_OBJC_IMPLICIT_RETAIN_SELF = YES;
				CLANG_WARN_OBJC_LITERAL_CONVERSION = YES;
				CLANG_WARN_OBJC_ROOT_CLASS = YES_ERROR;
				CLANG_WARN_QUOTED_INCLUDE_IN_FRAMEWORK_HEADER = YES;
				CLANG_WARN_RANGE_LOOP_ANALYSIS = YES;
				CLANG_WARN_STRICT_PROTOTYPES = YES;
				CLANG_WARN_SUSPICIOUS_MOVE = YES;
				CLANG_WARN_UNGUARDED_AVAILABILITY = YES_AGGRESSIVE;
				CLANG_WARN_UNREACHABLE_CODE = YES;
				CLANG_WARN__DUPLICATE_METHOD_MATCH = YES;
				COPY_PHASE_STRIP = NO;
				DEBUG_INFORMATION_FORMAT = dwarf;
				ENABLE_STRICT_OBJC_MSGSEND = YES;
				ENABLE_TESTABILITY = YES;
				GCC_C_LANGUAGE_STANDARD = gnu11;
				GCC_DYNAMIC_NO_PIC = NO;
				GCC_NO_COMMON_BLOCKS = YES;
				GCC_OPTIMIZATION_LEVEL = 0;
				GCC_PREPROCESSOR_DEFINITIONS = (
					"DEBUG=1",
					"$(inherited)",
				);
				GCC_WARN_64_TO_32_BIT_CONVERSION = YES;
				GCC_WARN_ABOUT_RETURN_TYPE = YES_ERROR;
				GCC_WARN_UNDECLARED_SELECTOR = YES;
				GCC_WARN_UNINITIALIZED_AUTOS = YES_AGGRESSIVE;
				GCC_WARN_UNUSED_FUNCTION = YES;
				GCC_WARN_UNUSED_VARIABLE = YES;
				IPHONEOS_DEPLOYMENT_TARGET = 14.3;
				MTL_ENABLE_DEBUG_INFO = INCLUDE_SOURCE;
				MTL_FAST_MATH = YES;
				ONLY_ACTIVE_ARCH = YES;
				SDKROOT = iphoneos;
				SWIFT_ACTIVE_COMPILATION_CONDITIONS = DEBUG;
				SWIFT_OPTIMIZATION_LEVEL = "-Onone";
			};
			name = Debug;
		};
		768524F326471B8A0001E0DC /* Release */ = {
			isa = XCBuildConfiguration;
			buildSettings = {
				ALWAYS_SEARCH_USER_PATHS = NO;
				CLANG_ANALYZER_NONNULL = YES;
				CLANG_ANALYZER_NUMBER_OBJECT_CONVERSION = YES_AGGRESSIVE;
				CLANG_CXX_LANGUAGE_STANDARD = "gnu++14";
				CLANG_CXX_LIBRARY = "libc++";
				CLANG_ENABLE_MODULES = YES;
				CLANG_ENABLE_OBJC_ARC = YES;
				CLANG_ENABLE_OBJC_WEAK = YES;
				CLANG_WARN_BLOCK_CAPTURE_AUTORELEASING = YES;
				CLANG_WARN_BOOL_CONVERSION = YES;
				CLANG_WARN_COMMA = YES;
				CLANG_WARN_CONSTANT_CONVERSION = YES;
				CLANG_WARN_DEPRECATED_OBJC_IMPLEMENTATIONS = YES;
				CLANG_WARN_DIRECT_OBJC_ISA_USAGE = YES_ERROR;
				CLANG_WARN_DOCUMENTATION_COMMENTS = YES;
				CLANG_WARN_EMPTY_BODY = YES;
				CLANG_WARN_ENUM_CONVERSION = YES;
				CLANG_WARN_INFINITE_RECURSION = YES;
				CLANG_WARN_INT_CONVERSION = YES;
				CLANG_WARN_NON_LITERAL_NULL_CONVERSION = YES;
				CLANG_WARN_OBJC_IMPLICIT_RETAIN_SELF = YES;
				CLANG_WARN_OBJC_LITERAL_CONVERSION = YES;
				CLANG_WARN_OBJC_ROOT_CLASS = YES_ERROR;
				CLANG_WARN_QUOTED_INCLUDE_IN_FRAMEWORK_HEADER = YES;
				CLANG_WARN_RANGE_LOOP_ANALYSIS = YES;
				CLANG_WARN_STRICT_PROTOTYPES = YES;
				CLANG_WARN_SUSPICIOUS_MOVE = YES;
				CLANG_WARN_UNGUARDED_AVAILABILITY = YES_AGGRESSIVE;
				CLANG_WARN_UNREACHABLE_CODE = YES;
				CLANG_WARN__DUPLICATE_METHOD_MATCH = YES;
				COPY_PHASE_STRIP = NO;
				DEBUG_INFORMATION_FORMAT = "dwarf-with-dsym";
				ENABLE_NS_ASSERTIONS = NO;
				ENABLE_STRICT_OBJC_MSGSEND = YES;
				GCC_C_LANGUAGE_STANDARD = gnu11;
				GCC_NO_COMMON_BLOCKS = YES;
				GCC_WARN_64_TO_32_BIT_CONVERSION = YES;
				GCC_WARN_ABOUT_RETURN_TYPE = YES_ERROR;
				GCC_WARN_UNDECLARED_SELECTOR = YES;
				GCC_WARN_UNINITIALIZED_AUTOS = YES_AGGRESSIVE;
				GCC_WARN_UNUSED_FUNCTION = YES;
				GCC_WARN_UNUSED_VARIABLE = YES;
				IPHONEOS_DEPLOYMENT_TARGET = 14.3;
				MTL_ENABLE_DEBUG_INFO = NO;
				MTL_FAST_MATH = YES;
				SDKROOT = iphoneos;
				SWIFT_COMPILATION_MODE = wholemodule;
				SWIFT_OPTIMIZATION_LEVEL = "-O";
				VALIDATE_PRODUCT = YES;
			};
			name = Release;
		};
		768524F526471B8A0001E0DC /* Debug */ = {
			isa = XCBuildConfiguration;
			baseConfigurationReference = A3FB5723AE386EC00027E4F4 /* Pods-MediaMonks.debug.xcconfig */;
			buildSettings = {
				ASSETCATALOG_COMPILER_APPICON_NAME = AppIcon;
				ASSETCATALOG_COMPILER_GLOBAL_ACCENT_COLOR_NAME = AccentColor;
				CODE_SIGN_STYLE = Automatic;
				DEVELOPMENT_TEAM = Z3H4HS3SB4;
				INFOPLIST_FILE = MediaMonks/Info.plist;
				LD_RUNPATH_SEARCH_PATHS = (
					"$(inherited)",
					"@executable_path/Frameworks",
				);
				PRODUCT_BUNDLE_IDENTIFIER = com.geekguns.MediaMonks;
				PRODUCT_NAME = "$(TARGET_NAME)";
				SWIFT_VERSION = 5.0;
				TARGETED_DEVICE_FAMILY = "1,2";
			};
			name = Debug;
		};
		768524F626471B8A0001E0DC /* Release */ = {
			isa = XCBuildConfiguration;
			baseConfigurationReference = C432A24557D3E6F8E5B97E38 /* Pods-MediaMonks.release.xcconfig */;
			buildSettings = {
				ASSETCATALOG_COMPILER_APPICON_NAME = AppIcon;
				ASSETCATALOG_COMPILER_GLOBAL_ACCENT_COLOR_NAME = AccentColor;
				CODE_SIGN_STYLE = Automatic;
				DEVELOPMENT_TEAM = Z3H4HS3SB4;
				INFOPLIST_FILE = MediaMonks/Info.plist;
				LD_RUNPATH_SEARCH_PATHS = (
					"$(inherited)",
					"@executable_path/Frameworks",
				);
				PRODUCT_BUNDLE_IDENTIFIER = com.geekguns.MediaMonks;
				PRODUCT_NAME = "$(TARGET_NAME)";
				SWIFT_VERSION = 5.0;
				TARGETED_DEVICE_FAMILY = "1,2";
			};
			name = Release;
		};
/* End XCBuildConfiguration section */

/* Begin XCConfigurationList section */
		768524DB26471B890001E0DC /* Build configuration list for PBXProject "MediaMonks" */ = {
			isa = XCConfigurationList;
			buildConfigurations = (
				768524F226471B8A0001E0DC /* Debug */,
				768524F326471B8A0001E0DC /* Release */,
			);
			defaultConfigurationIsVisible = 0;
			defaultConfigurationName = Release;
		};
		768524F426471B8A0001E0DC /* Build configuration list for PBXNativeTarget "MediaMonks" */ = {
			isa = XCConfigurationList;
			buildConfigurations = (
				768524F526471B8A0001E0DC /* Debug */,
				768524F626471B8A0001E0DC /* Release */,
			);
			defaultConfigurationIsVisible = 0;
			defaultConfigurationName = Release;
		};
/* End XCConfigurationList section */
	};
	rootObject = 768524D826471B890001E0DC /* Project object */;
}
